
Microsoft Visual Studio Solution File, Format Version 12.00
Project("{FAE04EC0-301F-11D3-BF4B-00C04F79EFBC}") = "StreamingSample.Producer", "StreamingSample.Producer\StreamingSample.Producer.csproj", "{C943EE77-8CAF-4088-B0CD-B1FD4D5ECA22}"
EndProject
Project("{FAE04EC0-301F-11D3-BF4B-00C04F79EFBC}") = "StreamingSample.Consumer", "StreamingSample.Consumer\StreamingSample.Consumer.csproj", "{ECF0896C-7B2A-4596-8127-3DB1D59FEBE9}"
EndProject
Global
	GlobalSection(SolutionConfigurationPlatforms) = preSolution
		Debug|Any CPU = Debug|Any CPU
		Release|Any CPU = Release|Any CPU
	EndGlobalSection
	GlobalSection(ProjectConfigurationPlatforms) = postSolution
		{C943EE77-8CAF-4088-B0CD-B1FD4D5ECA22}.Debug|Any CPU.ActiveCfg = Debug|Any CPU
		{C943EE77-8CAF-4088-B0CD-B1FD4D5ECA22}.Debug|Any CPU.Build.0 = Debug|Any CPU
		{C943EE77-8CAF-4088-B0CD-B1FD4D5ECA22}.Release|Any CPU.ActiveCfg = Release|Any CPU
		{C943EE77-8CAF-4088-B0CD-B1FD4D5ECA22}.Release|Any CPU.Build.0 = Release|Any CPU
		{ECF0896C-7B2A-4596-8127-3DB1D59FEBE9}.Debug|Any CPU.ActiveCfg = Debug|Any CPU
		{ECF0896C-7B2A-4596-8127-3DB1D59FEBE9}.Debug|Any CPU.Build.0 = Debug|Any CPU
		{ECF0896C-7B2A-4596-8127-3DB1D59FEBE9}.Release|Any CPU.ActiveCfg = Release|Any CPU
		{ECF0896C-7B2A-4596-8127-3DB1D59FEBE9}.Release|Any CPU.Build.0 = Release|Any CPU
	EndGlobalSection
EndGlobal
